
Microsoft Visual Studio Solution File, Format Version 12.00
# Visual Studio 15
Project("{FAE04EC0-301F-11D3-BF4B-00C04F79EFBC}") = "Assembly-CSharp", "Assembly-CSharp.csproj", "{ADAA7F20-6393-0F82-7E91-F04BE6D28417}"
EndProject
Global
	GlobalSection(SolutionConfigurationPlatforms) = preSolution
		Debug|Any CPU = Debug|Any CPU
		Release|Any CPU = Release|Any CPU
	EndGlobalSection
	GlobalSection(ProjectConfigurationPlatforms) = postSolution
		{ADAA7F20-6393-0F82-7E91-F04BE6D28417}.Debug|Any CPU.ActiveCfg = Debug|Any CPU
		{ADAA7F20-6393-0F82-7E91-F04BE6D28417}.Debug|Any CPU.Build.0 = Debug|Any CPU
		{ADAA7F20-6393-0F82-7E91-F04BE6D28417}.Release|Any CPU.ActiveCfg = Release|Any CPU
		{ADAA7F20-6393-0F82-7E91-F04BE6D28417}.Release|Any CPU.Build.0 = Release|Any CPU
	EndGlobalSection
	GlobalSection(SolutionProperties) = preSolution
		HideSolutionNode = FALSE
	EndGlobalSection
EndGlobal
